
Microsoft Visual Studio Solution File, Format Version 12.00
# Visual Studio 14
VisualStudioVersion = 14.0.25420.1
MinimumVisualStudioVersion = 10.0.40219.1
Project("{FAE04EC0-301F-11D3-BF4B-00C04F79EFBC}") = "FacebookAPI", "FacebookAPI\FacebookAPI.csproj", "{247BFE1D-3016-4A3F-8891-704540C903FC}"
EndProject
Project("{FAE04EC0-301F-11D3-BF4B-00C04F79EFBC}") = "Test", "Test\Test.csproj", "{80109D67-7466-42CB-8612-59361AEEEBFC}"
EndProject
Global
	GlobalSection(SolutionConfigurationPlatforms) = preSolution
		Debug|Any CPU = Debug|Any CPU
		Release|Any CPU = Release|Any CPU
	EndGlobalSection
	GlobalSection(ProjectConfigurationPlatforms) = postSolution
		{247BFE1D-3016-4A3F-8891-704540C903FC}.Debug|Any CPU.ActiveCfg = Debug|Any CPU
		{247BFE1D-3016-4A3F-8891-704540C903FC}.Debug|Any CPU.Build.0 = Debug|Any CPU
		{247BFE1D-3016-4A3F-8891-704540C903FC}.Release|Any CPU.ActiveCfg = Release|Any CPU
		{247BFE1D-3016-4A3F-8891-704540C903FC}.Release|Any CPU.Build.0 = Release|Any CPU
		{80109D67-7466-42CB-8612-59361AEEEBFC}.Debug|Any CPU.ActiveCfg = Debug|Any CPU
		{80109D67-7466-42CB-8612-59361AEEEBFC}.Debug|Any CPU.Build.0 = Debug|Any CPU
		{80109D67-7466-42CB-8612-59361AEEEBFC}.Release|Any CPU.ActiveCfg = Release|Any CPU
		{80109D67-7466-42CB-8612-59361AEEEBFC}.Release|Any CPU.Build.0 = Release|Any CPU
	EndGlobalSection
	GlobalSection(SolutionProperties) = preSolution
		HideSolutionNode = FALSE
	EndGlobalSection
EndGlobal
